
Microsoft Visual Studio Solution File, Format Version 12.00
# Visual Studio Version 16
VisualStudioVersion = 16.0.30114.105
MinimumVisualStudioVersion = 10.0.40219.1
Project("{FAE04EC0-301F-11D3-BF4B-00C04F79EFBC}") = "API", "API\API.csproj", "{1A2308E9-C9C6-4C47-A090-356386A59861}"
EndProject
Project("{FAE04EC0-301F-11D3-BF4B-00C04F79EFBC}") = "Core", "Core\Core.csproj", "{6EF54472-C61D-4079-9CE4-0903678CBC56}"
EndProject
Project("{FAE04EC0-301F-11D3-BF4B-00C04F79EFBC}") = "Infrastructure", "Infrastructure\Infrastructure.csproj", "{31E3D7C6-1138-4327-9B8D-ED62862F1C0B}"
EndProject
Global
	GlobalSection(SolutionConfigurationPlatforms) = preSolution
		Debug|Any CPU = Debug|Any CPU
		Release|Any CPU = Release|Any CPU
	EndGlobalSection
	GlobalSection(SolutionProperties) = preSolution
		HideSolutionNode = FALSE
	EndGlobalSection
	GlobalSection(ProjectConfigurationPlatforms) = postSolution
		{1A2308E9-C9C6-4C47-A090-356386A59861}.Debug|Any CPU.ActiveCfg = Debug|Any CPU
		{1A2308E9-C9C6-4C47-A090-356386A59861}.Debug|Any CPU.Build.0 = Debug|Any CPU
		{1A2308E9-C9C6-4C47-A090-356386A59861}.Release|Any CPU.ActiveCfg = Release|Any CPU
		{1A2308E9-C9C6-4C47-A090-356386A59861}.Release|Any CPU.Build.0 = Release|Any CPU
		{6EF54472-C61D-4079-9CE4-0903678CBC56}.Debug|Any CPU.ActiveCfg = Debug|Any CPU
		{6EF54472-C61D-4079-9CE4-0903678CBC56}.Debug|Any CPU.Build.0 = Debug|Any CPU
		{6EF54472-C61D-4079-9CE4-0903678CBC56}.Release|Any CPU.ActiveCfg = Release|Any CPU
		{6EF54472-C61D-4079-9CE4-0903678CBC56}.Release|Any CPU.Build.0 = Release|Any CPU
		{31E3D7C6-1138-4327-9B8D-ED62862F1C0B}.Debug|Any CPU.ActiveCfg = Debug|Any CPU
		{31E3D7C6-1138-4327-9B8D-ED62862F1C0B}.Debug|Any CPU.Build.0 = Debug|Any CPU
		{31E3D7C6-1138-4327-9B8D-ED62862F1C0B}.Release|Any CPU.ActiveCfg = Release|Any CPU
		{31E3D7C6-1138-4327-9B8D-ED62862F1C0B}.Release|Any CPU.Build.0 = Release|Any CPU
	EndGlobalSection
EndGlobal
